// !$*UTF8*$!
{
	archiveVersion = 1;
	classes = {
	};
	objectVersion = 56;
	objects = {

/* Begin PBXBuildFile section */
		E220C8042D034B000034E56A /* AppDelegate.swift in Sources */ = {isa = PBXBuildFile; fileRef = E220C8032D034B000034E56A /* AppDelegate.swift */; };
		E220C8062D034B000034E56A /* SceneDelegate.swift in Sources */ = {isa = PBXBuildFile; fileRef = E220C8052D034B000034E56A /* SceneDelegate.swift */; };
		E220C8082D034B000034E56A /* ViewController.swift in Sources */ = {isa = PBXBuildFile; fileRef = E220C8072D034B000034E56A /* ViewController.swift */; };
		E220C80B2D034B000034E56A /* Base in Resources */ = {isa = PBXBuildFile; fileRef = E220C80A2D034B000034E56A /* Base */; };
		E220C80D2D034B020034E56A /* Assets.xcassets in Resources */ = {isa = PBXBuildFile; fileRef = E220C80C2D034B020034E56A /* Assets.xcassets */; };
		E220C8102D034B020034E56A /* Base in Resources */ = {isa = PBXBuildFile; fileRef = E220C80F2D034B020034E56A /* Base */; };
		E220C81B2D034B020034E56A /* AssesmentSpotifyAppTests.swift in Sources */ = {isa = PBXBuildFile; fileRef = E220C81A2D034B020034E56A /* AssesmentSpotifyAppTests.swift */; };
		E220C8252D034B020034E56A /* AssesmentSpotifyAppUITests.swift in Sources */ = {isa = PBXBuildFile; fileRef = E220C8242D034B020034E56A /* AssesmentSpotifyAppUITests.swift */; };
		E220C8272D034B020034E56A /* AssesmentSpotifyAppUITestsLaunchTests.swift in Sources */ = {isa = PBXBuildFile; fileRef = E220C8262D034B020034E56A /* AssesmentSpotifyAppUITestsLaunchTests.swift */; };
/* End PBXBuildFile section */

/* Begin PBXContainerItemProxy section */
		E220C8172D034B020034E56A /* PBXContainerItemProxy */ = {
			isa = PBXContainerItemProxy;
			containerPortal = E220C7F82D034AFF0034E56A /* Project object */;
			proxyType = 1;
			remoteGlobalIDString = E220C7FF2D034B000034E56A;
			remoteInfo = AssesmentSpotifyApp;
		};
		E220C8212D034B020034E56A /* PBXContainerItemProxy */ = {
			isa = PBXContainerItemProxy;
			containerPortal = E220C7F82D034AFF0034E56A /* Project object */;
			proxyType = 1;
			remoteGlobalIDString = E220C7FF2D034B000034E56A;
			remoteInfo = AssesmentSpotifyApp;
		};
/* End PBXContainerItemProxy section */

/* Begin PBXFileReference section */
		E220C8002D034B000034E56A /* AssesmentSpotifyApp.app */ = {isa = PBXFileReference; explicitFileType = wrapper.application; includeInIndex = 0; path = AssesmentSpotifyApp.app; sourceTree = BUILT_PRODUCTS_DIR; };
		E220C8032D034B000034E56A /* AppDelegate.swift */ = {isa = PBXFileReference; lastKnownFileType = sourcecode.swift; path = AppDelegate.swift; sourceTree = "<group>"; };
		E220C8052D034B000034E56A /* SceneDelegate.swift */ = {isa = PBXFileReference; lastKnownFileType = sourcecode.swift; path = SceneDelegate.swift; sourceTree = "<group>"; };
		E220C8072D034B000034E56A /* ViewController.swift */ = {isa = PBXFileReference; lastKnownFileType = sourcecode.swift; path = ViewController.swift; sourceTree = "<group>"; };
		E220C80A2D034B000034E56A /* Base */ = {isa = PBXFileReference; lastKnownFileType = file.storyboard; name = Base; path = Base.lproj/Main.storyboard; sourceTree = "<group>"; };
		E220C80C2D034B020034E56A /* Assets.xcassets */ = {isa = PBXFileReference; lastKnownFileType = folder.assetcatalog; path = Assets.xcassets; sourceTree = "<group>"; };
		E220C80F2D034B020034E56A /* Base */ = {isa = PBXFileReference; lastKnownFileType = file.storyboard; name = Base; path = Base.lproj/LaunchScreen.storyboard; sourceTree = "<group>"; };
		E220C8112D034B020034E56A /* Info.plist */ = {isa = PBXFileReference; lastKnownFileType = text.plist.xml; path = Info.plist; sourceTree = "<group>"; };
		E220C8162D034B020034E56A /* AssesmentSpotifyAppTests.xctest */ = {isa = PBXFileReference; explicitFileType = wrapper.cfbundle; includeInIndex = 0; path = AssesmentSpotifyAppTests.xctest; sourceTree = BUILT_PRODUCTS_DIR; };
		E220C81A2D034B020034E56A /* AssesmentSpotifyAppTests.swift */ = {isa = PBXFileReference; lastKnownFileType = sourcecode.swift; path = AssesmentSpotifyAppTests.swift; sourceTree = "<group>"; };
		E220C8202D034B020034E56A /* AssesmentSpotifyAppUITests.xctest */ = {isa = PBXFileReference; explicitFileType = wrapper.cfbundle; includeInIndex = 0; path = AssesmentSpotifyAppUITests.xctest; sourceTree = BUILT_PRODUCTS_DIR; };
		E220C8242D034B020034E56A /* AssesmentSpotifyAppUITests.swift */ = {isa = PBXFileReference; lastKnownFileType = sourcecode.swift; path = AssesmentSpotifyAppUITests.swift; sourceTree = "<group>"; };
		E220C8262D034B020034E56A /* AssesmentSpotifyAppUITestsLaunchTests.swift */ = {isa = PBXFileReference; lastKnownFileType = sourcecode.swift; path = AssesmentSpotifyAppUITestsLaunchTests.swift; sourceTree = "<group>"; };
/* End PBXFileReference section */

/* Begin PBXFrameworksBuildPhase section */
		E220C7FD2D034B000034E56A /* Frameworks */ = {
			isa = PBXFrameworksBuildPhase;
			buildActionMask = 2147483647;
			files = (
			);
			runOnlyForDeploymentPostprocessing = 0;
		};
		E220C8132D034B020034E56A /* Frameworks */ = {
			isa = PBXFrameworksBuildPhase;
			buildActionMask = 2147483647;
			files = (
			);
			runOnlyForDeploymentPostprocessing = 0;
		};
		E220C81D2D034B020034E56A /* Frameworks */ = {
			isa = PBXFrameworksBuildPhase;
			buildActionMask = 2147483647;
			files = (
			);
			runOnlyForDeploymentPostprocessing = 0;
		};
/* End PBXFrameworksBuildPhase section */

/* Begin PBXGroup section */
		E220C7F72D034AFF0034E56A = {
			isa = PBXGroup;
			children = (
				E220C8022D034B000034E56A /* AssesmentSpotifyApp */,
				E220C8192D034B020034E56A /* AssesmentSpotifyAppTests */,
				E220C8232D034B020034E56A /* AssesmentSpotifyAppUITests */,
				E220C8012D034B000034E56A /* Products */,
			);
			sourceTree = "<group>";
		};
		E220C8012D034B000034E56A /* Products */ = {
			isa = PBXGroup;
			children = (
				E220C8002D034B000034E56A /* AssesmentSpotifyApp.app */,
				E220C8162D034B020034E56A /* AssesmentSpotifyAppTests.xctest */,
				E220C8202D034B020034E56A /* AssesmentSpotifyAppUITests.xctest */,
			);
			name = Products;
			sourceTree = "<group>";
		};
		E220C8022D034B000034E56A /* AssesmentSpotifyApp */ = {
			isa = PBXGroup;
			children = (
				E220C8032D034B000034E56A /* AppDelegate.swift */,
				E220C8052D034B000034E56A /* SceneDelegate.swift */,
				E220C8072D034B000034E56A /* ViewController.swift */,
				E220C8092D034B000034E56A /* Main.storyboard */,
				E220C80C2D034B020034E56A /* Assets.xcassets */,
				E220C80E2D034B020034E56A /* LaunchScreen.storyboard */,
				E220C8112D034B020034E56A /* Info.plist */,
			);
			path = AssesmentSpotifyApp;
			sourceTree = "<group>";
		};
		E220C8192D034B020034E56A /* AssesmentSpotifyAppTests */ = {
			isa = PBXGroup;
			children = (
				E220C81A2D034B020034E56A /* AssesmentSpotifyAppTests.swift */,
			);
			path = AssesmentSpotifyAppTests;
			sourceTree = "<group>";
		};
		E220C8232D034B020034E56A /* AssesmentSpotifyAppUITests */ = {
			isa = PBXGroup;
			children = (
				E220C8242D034B020034E56A /* AssesmentSpotifyAppUITests.swift */,
				E220C8262D034B020034E56A /* AssesmentSpotifyAppUITestsLaunchTests.swift */,
			);
			path = AssesmentSpotifyAppUITests;
			sourceTree = "<group>";
		};
/* End PBXGroup section */

/* Begin PBXNativeTarget section */
		E220C7FF2D034B000034E56A /* AssesmentSpotifyApp */ = {
			isa = PBXNativeTarget;
			buildConfigurationList = E220C82A2D034B020034E56A /* Build configuration list for PBXNativeTarget "AssesmentSpotifyApp" */;
			buildPhases = (
				E220C7FC2D034B000034E56A /* Sources */,
				E220C7FD2D034B000034E56A /* Frameworks */,
				E220C7FE2D034B000034E56A /* Resources */,
			);
			buildRules = (
			);
			dependencies = (
			);
			name = AssesmentSpotifyApp;
			productName = AssesmentSpotifyApp;
			productReference = E220C8002D034B000034E56A /* AssesmentSpotifyApp.app */;
			productType = "com.apple.product-type.application";
		};
		E220C8152D034B020034E56A /* AssesmentSpotifyAppTests */ = {
			isa = PBXNativeTarget;
			buildConfigurationList = E220C82D2D034B020034E56A /* Build configuration list for PBXNativeTarget "AssesmentSpotifyAppTests" */;
			buildPhases = (
				E220C8122D034B020034E56A /* Sources */,
				E220C8132D034B020034E56A /* Frameworks */,
				E220C8142D034B020034E56A /* Resources */,
			);
			buildRules = (
			);
			dependencies = (
				E220C8182D034B020034E56A /* PBXTargetDependency */,
			);
			name = AssesmentSpotifyAppTests;
			productName = AssesmentSpotifyAppTests;
			productReference = E220C8162D034B020034E56A /* AssesmentSpotifyAppTests.xctest */;
			productType = "com.apple.product-type.bundle.unit-test";
		};
		E220C81F2D034B020034E56A /* AssesmentSpotifyAppUITests */ = {
			isa = PBXNativeTarget;
			buildConfigurationList = E220C8302D034B020034E56A /* Build configuration list for PBXNativeTarget "AssesmentSpotifyAppUITests" */;
			buildPhases = (
				E220C81C2D034B020034E56A /* Sources */,
				E220C81D2D034B020034E56A /* Frameworks */,
				E220C81E2D034B020034E56A /* Resources */,
			);
			buildRules = (
			);
			dependencies = (
				E220C8222D034B020034E56A /* PBXTargetDependency */,
			);
			name = AssesmentSpotifyAppUITests;
			productName = AssesmentSpotifyAppUITests;
			productReference = E220C8202D034B020034E56A /* AssesmentSpotifyAppUITests.xctest */;
			productType = "com.apple.product-type.bundle.ui-testing";
		};
/* End PBXNativeTarget section */

/* Begin PBXProject section */
		E220C7F82D034AFF0034E56A /* Project object */ = {
			isa = PBXProject;
			attributes = {
				BuildIndependentTargetsInParallel = 1;
				LastSwiftUpdateCheck = 1540;
				LastUpgradeCheck = 1540;
				TargetAttributes = {
					E220C7FF2D034B000034E56A = {
						CreatedOnToolsVersion = 15.4;
					};
					E220C8152D034B020034E56A = {
						CreatedOnToolsVersion = 15.4;
						TestTargetID = E220C7FF2D034B000034E56A;
					};
					E220C81F2D034B020034E56A = {
						CreatedOnToolsVersion = 15.4;
						TestTargetID = E220C7FF2D034B000034E56A;
					};
				};
			};
			buildConfigurationList = E220C7FB2D034B000034E56A /* Build configuration list for PBXProject "AssesmentSpotifyApp" */;
			compatibilityVersion = "Xcode 14.0";
			developmentRegion = en;
			hasScannedForEncodings = 0;
			knownRegions = (
				en,
				Base,
			);
			mainGroup = E220C7F72D034AFF0034E56A;
			productRefGroup = E220C8012D034B000034E56A /* Products */;
			projectDirPath = "";
			projectRoot = "";
			targets = (
				E220C7FF2D034B000034E56A /* AssesmentSpotifyApp */,
				E220C8152D034B020034E56A /* AssesmentSpotifyAppTests */,
				E220C81F2D034B020034E56A /* AssesmentSpotifyAppUITests */,
			);
		};
/* End PBXProject section */

/* Begin PBXResourcesBuildPhase section */
		E220C7FE2D034B000034E56A /* Resources */ = {
			isa = PBXResourcesBuildPhase;
			buildActionMask = 2147483647;
			files = (
				E220C80D2D034B020034E56A /* Assets.xcassets in Resources */,
				E220C8102D034B020034E56A /* Base in Resources */,
				E220C80B2D034B000034E56A /* Base in Resources */,
			);
			runOnlyForDeploymentPostprocessing = 0;
		};
		E220C8142D034B020034E56A /* Resources */ = {
			isa = PBXResourcesBuildPhase;
			buildActionMask = 2147483647;
			files = (
			);
			runOnlyForDeploymentPostprocessing = 0;
		};
		E220C81E2D034B020034E56A /* Resources */ = {
			isa = PBXResourcesBuildPhase;
			buildActionMask = 2147483647;
			files = (
			);
			runOnlyForDeploymentPostprocessing = 0;
		};
/* End PBXResourcesBuildPhase section */

/* Begin PBXSourcesBuildPhase section */
		E220C7FC2D034B000034E56A /* Sources */ = {
			isa = PBXSourcesBuildPhase;
			buildActionMask = 2147483647;
			files = (
				E220C8082D034B000034E56A /* ViewController.swift in Sources */,
				E220C8042D034B000034E56A /* AppDelegate.swift in Sources */,
				E220C8062D034B000034E56A /* SceneDelegate.swift in Sources */,
			);
			runOnlyForDeploymentPostprocessing = 0;
		};
		E220C8122D034B020034E56A /* Sources */ = {
			isa = PBXSourcesBuildPhase;
			buildActionMask = 2147483647;
			files = (
				E220C81B2D034B020034E56A /* AssesmentSpotifyAppTests.swift in Sources */,
			);
			runOnlyForDeploymentPostprocessing = 0;
		};
		E220C81C2D034B020034E56A /* Sources */ = {
			isa = PBXSourcesBuildPhase;
			buildActionMask = 2147483647;
			files = (
				E220C8252D034B020034E56A /* AssesmentSpotifyAppUITests.swift in Sources */,
				E220C8272D034B020034E56A /* AssesmentSpotifyAppUITestsLaunchTests.swift in Sources */,
			);
			runOnlyForDeploymentPostprocessing = 0;
		};
/* End PBXSourcesBuildPhase section */

/* Begin PBXTargetDependency section */
		E220C8182D034B020034E56A /* PBXTargetDependency */ = {
			isa = PBXTargetDependency;
			target = E220C7FF2D034B000034E56A /* AssesmentSpotifyApp */;
			targetProxy = E220C8172D034B020034E56A /* PBXContainerItemProxy */;
		};
		E220C8222D034B020034E56A /* PBXTargetDependency */ = {
			isa = PBXTargetDependency;
			target = E220C7FF2D034B000034E56A /* AssesmentSpotifyApp */;
			targetProxy = E220C8212D034B020034E56A /* PBXContainerItemProxy */;
		};
/* End PBXTargetDependency section */

/* Begin PBXVariantGroup section */
		E220C8092D034B000034E56A /* Main.storyboard */ = {
			isa = PBXVariantGroup;
			children = (
				E220C80A2D034B000034E56A /* Base */,
			);
			name = Main.storyboard;
			sourceTree = "<group>";
		};
		E220C80E2D034B020034E56A /* LaunchScreen.storyboard */ = {
			isa = PBXVariantGroup;
			children = (
				E220C80F2D034B020034E56A /* Base */,
			);
			name = LaunchScreen.storyboard;
			sourceTree = "<group>";
		};
/* End PBXVariantGroup section */

/* Begin XCBuildConfiguration section */
		E220C8282D034B020034E56A /* Debug */ = {
			isa = XCBuildConfiguration;
			buildSettings = {
				ALWAYS_SEARCH_USER_PATHS = NO;
				ASSETCATALOG_COMPILER_GENERATE_SWIFT_ASSET_SYMBOL_EXTENSIONS = YES;
				CLANG_ANALYZER_NONNULL = YES;
				CLANG_ANALYZER_NUMBER_OBJECT_CONVERSION = YES_AGGRESSIVE;
				CLANG_CXX_LANGUAGE_STANDARD = "gnu++20";
				CLANG_ENABLE_MODULES = YES;
				CLANG_ENABLE_OBJC_ARC = YES;
				CLANG_ENABLE_OBJC_WEAK = YES;
				CLANG_WARN_BLOCK_CAPTURE_AUTORELEASING = YES;
				CLANG_WARN_BOOL_CONVERSION = YES;
				CLANG_WARN_COMMA = YES;
				CLANG_WARN_CONSTANT_CONVERSION = YES;
				CLANG_WARN_DEPRECATED_OBJC_IMPLEMENTATIONS = YES;
				CLANG_WARN_DIRECT_OBJC_ISA_USAGE = YES_ERROR;
				CLANG_WARN_DOCUMENTATION_COMMENTS = YES;
				CLANG_WARN_EMPTY_BODY = YES;
				CLANG_WARN_ENUM_CONVERSION = YES;
				CLANG_WARN_INFINITE_RECURSION = YES;
				CLANG_WARN_INT_CONVERSION = YES;
				CLANG_WARN_NON_LITERAL_NULL_CONVERSION = YES;
				CLANG_WARN_OBJC_IMPLICIT_RETAIN_SELF = YES;
				CLANG_WARN_OBJC_LITERAL_CONVERSION = YES;
				CLANG_WARN_OBJC_ROOT_CLASS = YES_ERROR;
				CLANG_WARN_QUOTED_INCLUDE_IN_FRAMEWORK_HEADER = YES;
				CLANG_WARN_RANGE_LOOP_ANALYSIS = YES;
				CLANG_WARN_STRICT_PROTOTYPES = YES;
				CLANG_WARN_SUSPICIOUS_MOVE = YES;
				CLANG_WARN_UNGUARDED_AVAILABILITY = YES_AGGRESSIVE;
				CLANG_WARN_UNREACHABLE_CODE = YES;
				CLANG_WARN__DUPLICATE_METHOD_MATCH = YES;
				COPY_PHASE_STRIP = NO;
				DEBUG_INFORMATION_FORMAT = dwarf;
				ENABLE_STRICT_OBJC_MSGSEND = YES;
				ENABLE_TESTABILITY = YES;
				ENABLE_USER_SCRIPT_SANDBOXING = YES;
				GCC_C_LANGUAGE_STANDARD = gnu17;
				GCC_DYNAMIC_NO_PIC = NO;
				GCC_NO_COMMON_BLOCKS = YES;
				GCC_OPTIMIZATION_LEVEL = 0;
				GCC_PREPROCESSOR_DEFINITIONS = (
					"DEBUG=1",
					"$(inherited)",
				);
				GCC_WARN_64_TO_32_BIT_CONVERSION = YES;
				GCC_WARN_ABOUT_RETURN_TYPE = YES_ERROR;
				GCC_WARN_UNDECLARED_SELECTOR = YES;
				GCC_WARN_UNINITIALIZED_AUTOS = YES_AGGRESSIVE;
				GCC_WARN_UNUSED_FUNCTION = YES;
				GCC_WARN_UNUSED_VARIABLE = YES;
				IPHONEOS_DEPLOYMENT_TARGET = 17.5;
				LOCALIZATION_PREFERS_STRING_CATALOGS = YES;
				MTL_ENABLE_DEBUG_INFO = INCLUDE_SOURCE;
				MTL_FAST_MATH = YES;
				ONLY_ACTIVE_ARCH = YES;
				SDKROOT = iphoneos;
				SWIFT_ACTIVE_COMPILATION_CONDITIONS = "DEBUG $(inherited)";
				SWIFT_OPTIMIZATION_LEVEL = "-Onone";
			};
			name = Debug;
		};
		E220C8292D034B020034E56A /* Release */ = {
			isa = XCBuildConfiguration;
			buildSettings = {
				ALWAYS_SEARCH_USER_PATHS = NO;
				ASSETCATALOG_COMPILER_GENERATE_SWIFT_ASSET_SYMBOL_EXTENSIONS = YES;
				CLANG_ANALYZER_NONNULL = YES;
				CLANG_ANALYZER_NUMBER_OBJECT_CONVERSION = YES_AGGRESSIVE;
				CLANG_CXX_LANGUAGE_STANDARD = "gnu++20";
				CLANG_ENABLE_MODULES = YES;
				CLANG_ENABLE_OBJC_ARC = YES;
				CLANG_ENABLE_OBJC_WEAK = YES;
				CLANG_WARN_BLOCK_CAPTURE_AUTORELEASING = YES;
				CLANG_WARN_BOOL_CONVERSION = YES;
				CLANG_WARN_COMMA = YES;
				CLANG_WARN_CONSTANT_CONVERSION = YES;
				CLANG_WARN_DEPRECATED_OBJC_IMPLEMENTATIONS = YES;
				CLANG_WARN_DIRECT_OBJC_ISA_USAGE = YES_ERROR;
				CLANG_WARN_DOCUMENTATION_COMMENTS = YES;
				CLANG_WARN_EMPTY_BODY = YES;
				CLANG_WARN_ENUM_CONVERSION = YES;
				CLANG_WARN_INFINITE_RECURSION = YES;
				CLANG_WARN_INT_CONVERSION = YES;
				CLANG_WARN_NON_LITERAL_NULL_CONVERSION = YES;
				CLANG_WARN_OBJC_IMPLICIT_RETAIN_SELF = YES;
				CLANG_WARN_OBJC_LITERAL_CONVERSION = YES;
				CLANG_WARN_OBJC_ROOT_CLASS = YES_ERROR;
				CLANG_WARN_QUOTED_INCLUDE_IN_FRAMEWORK_HEADER = YES;
				CLANG_WARN_RANGE_LOOP_ANALYSIS = YES;
				CLANG_WARN_STRICT_PROTOTYPES = YES;
				CLANG_WARN_SUSPICIOUS_MOVE = YES;
				CLANG_WARN_UNGUARDED_AVAILABILITY = YES_AGGRESSIVE;
				CLANG_WARN_UNREACHABLE_CODE = YES;
				CLANG_WARN__DUPLICATE_METHOD_MATCH = YES;
				COPY_PHASE_STRIP = NO;
				DEBUG_INFORMATION_FORMAT = "dwarf-with-dsym";
				ENABLE_NS_ASSERTIONS = NO;
				ENABLE_STRICT_OBJC_MSGSEND = YES;
				ENABLE_USER_SCRIPT_SANDBOXING = YES;
				GCC_C_LANGUAGE_STANDARD = gnu17;
				GCC_NO_COMMON_BLOCKS = YES;
				GCC_WARN_64_TO_32_BIT_CONVERSION = YES;
				GCC_WARN_ABOUT_RETURN_TYPE = YES_ERROR;
				GCC_WARN_UNDECLARED_SELECTOR = YES;
				GCC_WARN_UNINITIALIZED_AUTOS = YES_AGGRESSIVE;
				GCC_WARN_UNUSED_FUNCTION = YES;
				GCC_WARN_UNUSED_VARIABLE = YES;
				IPHONEOS_DEPLOYMENT_TARGET = 17.5;
				LOCALIZATION_PREFERS_STRING_CATALOGS = YES;
				MTL_ENABLE_DEBUG_INFO = NO;
				MTL_FAST_MATH = YES;
				SDKROOT = iphoneos;
				SWIFT_COMPILATION_MODE = wholemodule;
				VALIDATE_PRODUCT = YES;
			};
			name = Release;
		};
		E220C82B2D034B020034E56A /* Debug */ = {
			isa = XCBuildConfiguration;
			buildSettings = {
				ASSETCATALOG_COMPILER_APPICON_NAME = AppIcon;
				ASSETCATALOG_COMPILER_GLOBAL_ACCENT_COLOR_NAME = AccentColor;
				CODE_SIGN_STYLE = Automatic;
				CURRENT_PROJECT_VERSION = 1;
				DEVELOPMENT_TEAM = P94HWRYJL7;
				GENERATE_INFOPLIST_FILE = YES;
				INFOPLIST_FILE = AssesmentSpotifyApp/Info.plist;
				INFOPLIST_KEY_UIApplicationSupportsIndirectInputEvents = YES;
				INFOPLIST_KEY_UILaunchStoryboardName = LaunchScreen;
				INFOPLIST_KEY_UIMainStoryboardFile = Main;
				INFOPLIST_KEY_UISupportedInterfaceOrientations_iPad = "UIInterfaceOrientationPortrait UIInterfaceOrientationPortraitUpsideDown UIInterfaceOrientationLandscapeLeft UIInterfaceOrientationLandscapeRight";
				INFOPLIST_KEY_UISupportedInterfaceOrientations_iPhone = "UIInterfaceOrientationPortrait UIInterfaceOrientationLandscapeLeft UIInterfaceOrientationLandscapeRight";
				LD_RUNPATH_SEARCH_PATHS = (
					"$(inherited)",
					"@executable_path/Frameworks",
				);
				MARKETING_VERSION = 1.0;
				PRODUCT_BUNDLE_IDENTIFIER = SriRatmurti.AssesmentSpotifyApp;
				PRODUCT_NAME = "$(TARGET_NAME)";
				SWIFT_EMIT_LOC_STRINGS = YES;
				SWIFT_VERSION = 5.0;
				TARGETED_DEVICE_FAMILY = "1,2";
			};
			name = Debug;
		};
		E220C82C2D034B020034E56A /* Release */ = {
			isa = XCBuildConfiguration;
			buildSettings = {
				ASSETCATALOG_COMPILER_APPICON_NAME = AppIcon;
				ASSETCATALOG_COMPILER_GLOBAL_ACCENT_COLOR_NAME = AccentColor;
				CODE_SIGN_STYLE = Automatic;
				CURRENT_PROJECT_VERSION = 1;
				DEVELOPMENT_TEAM = P94HWRYJL7;
				GENERATE_INFOPLIST_FILE = YES;
				INFOPLIST_FILE = AssesmentSpotifyApp/Info.plist;
				INFOPLIST_KEY_UIApplicationSupportsIndirectInputEvents = YES;
				INFOPLIST_KEY_UILaunchStoryboardName = LaunchScreen;
				INFOPLIST_KEY_UIMainStoryboardFile = Main;
				INFOPLIST_KEY_UISupportedInterfaceOrientations_iPad = "UIInterfaceOrientationPortrait UIInterfaceOrientationPortraitUpsideDown UIInterfaceOrientationLandscapeLeft UIInterfaceOrientationLandscapeRight";
				INFOPLIST_KEY_UISupportedInterfaceOrientations_iPhone = "UIInterfaceOrientationPortrait UIInterfaceOrientationLandscapeLeft UIInterfaceOrientationLandscapeRight";
				LD_RUNPATH_SEARCH_PATHS = (
					"$(inherited)",
					"@executable_path/Frameworks",
				);
				MARKETING_VERSION = 1.0;
				PRODUCT_BUNDLE_IDENTIFIER = SriRatmurti.AssesmentSpotifyApp;
				PRODUCT_NAME = "$(TARGET_NAME)";
				SWIFT_EMIT_LOC_STRINGS = YES;
				SWIFT_VERSION = 5.0;
				TARGETED_DEVICE_FAMILY = "1,2";
			};
			name = Release;
		};
		E220C82E2D034B020034E56A /* Debug */ = {
			isa = XCBuildConfiguration;
			buildSettings = {
				ALWAYS_EMBED_SWIFT_STANDARD_LIBRARIES = YES;
				BUNDLE_LOADER = "$(TEST_HOST)";
				CODE_SIGN_STYLE = Automatic;
				CURRENT_PROJECT_VERSION = 1;
				DEVELOPMENT_TEAM = P94HWRYJL7;
				GENERATE_INFOPLIST_FILE = YES;
				IPHONEOS_DEPLOYMENT_TARGET = 17.5;
				MARKETING_VERSION = 1.0;
				PRODUCT_BUNDLE_IDENTIFIER = SriRatmurti.AssesmentSpotifyAppTests;
				PRODUCT_NAME = "$(TARGET_NAME)";
				SWIFT_EMIT_LOC_STRINGS = NO;
				SWIFT_VERSION = 5.0;
				TARGETED_DEVICE_FAMILY = "1,2";
				TEST_HOST = "$(BUILT_PRODUCTS_DIR)/AssesmentSpotifyApp.app/$(BUNDLE_EXECUTABLE_FOLDER_PATH)/AssesmentSpotifyApp";
			};
			name = Debug;
		};
		E220C82F2D034B020034E56A /* Release */ = {
			isa = XCBuildConfiguration;
			buildSettings = {
				ALWAYS_EMBED_SWIFT_STANDARD_LIBRARIES = YES;
				BUNDLE_LOADER = "$(TEST_HOST)";
				CODE_SIGN_STYLE = Automatic;
				CURRENT_PROJECT_VERSION = 1;
				DEVELOPMENT_TEAM = P94HWRYJL7;
				GENERATE_INFOPLIST_FILE = YES;
				IPHONEOS_DEPLOYMENT_TARGET = 17.5;
				MARKETING_VERSION = 1.0;
				PRODUCT_BUNDLE_IDENTIFIER = SriRatmurti.AssesmentSpotifyAppTests;
				PRODUCT_NAME = "$(TARGET_NAME)";
				SWIFT_EMIT_LOC_STRINGS = NO;
				SWIFT_VERSION = 5.0;
				TARGETED_DEVICE_FAMILY = "1,2";
				TEST_HOST = "$(BUILT_PRODUCTS_DIR)/AssesmentSpotifyApp.app/$(BUNDLE_EXECUTABLE_FOLDER_PATH)/AssesmentSpotifyApp";
			};
			name = Release;
		};
		E220C8312D034B020034E56A /* Debug */ = {
			isa = XCBuildConfiguration;
			buildSettings = {
				ALWAYS_EMBED_SWIFT_STANDARD_LIBRARIES = YES;
				CODE_SIGN_STYLE = Automatic;
				CURRENT_PROJECT_VERSION = 1;
				DEVELOPMENT_TEAM = P94HWRYJL7;
				GENERATE_INFOPLIST_FILE = YES;
				MARKETING_VERSION = 1.0;
				PRODUCT_BUNDLE_IDENTIFIER = SriRatmurti.AssesmentSpotifyAppUITests;
				PRODUCT_NAME = "$(TARGET_NAME)";
				SWIFT_EMIT_LOC_STRINGS = NO;
				SWIFT_VERSION = 5.0;
				TARGETED_DEVICE_FAMILY = "1,2";
				TEST_TARGET_NAME = AssesmentSpotifyApp;
			};
			name = Debug;
		};
		E220C8322D034B020034E56A /* Release */ = {
			isa = XCBuildConfiguration;
			buildSettings = {
				ALWAYS_EMBED_SWIFT_STANDARD_LIBRARIES = YES;
				CODE_SIGN_STYLE = Automatic;
				CURRENT_PROJECT_VERSION = 1;
				DEVELOPMENT_TEAM = P94HWRYJL7;
				GENERATE_INFOPLIST_FILE = YES;
				MARKETING_VERSION = 1.0;
				PRODUCT_BUNDLE_IDENTIFIER = SriRatmurti.AssesmentSpotifyAppUITests;
				PRODUCT_NAME = "$(TARGET_NAME)";
				SWIFT_EMIT_LOC_STRINGS = NO;
				SWIFT_VERSION = 5.0;
				TARGETED_DEVICE_FAMILY = "1,2";
				TEST_TARGET_NAME = AssesmentSpotifyApp;
			};
			name = Release;
		};
/* End XCBuildConfiguration section */

/* Begin XCConfigurationList section */
		E220C7FB2D034B000034E56A /* Build configuration list for PBXProject "AssesmentSpotifyApp" */ = {
			isa = XCConfigurationList;
			buildConfigurations = (
				E220C8282D034B020034E56A /* Debug */,
				E220C8292D034B020034E56A /* Release */,
			);
			defaultConfigurationIsVisible = 0;
			defaultConfigurationName = Release;
		};
		E220C82A2D034B020034E56A /* Build configuration list for PBXNativeTarget "AssesmentSpotifyApp" */ = {
			isa = XCConfigurationList;
			buildConfigurations = (
				E220C82B2D034B020034E56A /* Debug */,
				E220C82C2D034B020034E56A /* Release */,
			);
			defaultConfigurationIsVisible = 0;
			defaultConfigurationName = Release;
		};
		E220C82D2D034B020034E56A /* Build configuration list for PBXNativeTarget "AssesmentSpotifyAppTests" */ = {
			isa = XCConfigurationList;
			buildConfigurations = (
				E220C82E2D034B020034E56A /* Debug */,
				E220C82F2D034B020034E56A /* Release */,
			);
			defaultConfigurationIsVisible = 0;
			defaultConfigurationName = Release;
		};
		E220C8302D034B020034E56A /* Build configuration list for PBXNativeTarget "AssesmentSpotifyAppUITests" */ = {
			isa = XCConfigurationList;
			buildConfigurations = (
				E220C8312D034B020034E56A /* Debug */,
				E220C8322D034B020034E56A /* Release */,
			);
			defaultConfigurationIsVisible = 0;
			defaultConfigurationName = Release;
		};
/* End XCConfigurationList section */
	};
	rootObject = E220C7F82D034AFF0034E56A /* Project object */;
}
